
Microsoft Visual Studio Solution File, Format Version 12.00
# Visual Studio Version 17
VisualStudioVersion = 17.9.34616.47
MinimumVisualStudioVersion = 10.0.40219.1
Project("{FAE04EC0-301F-11D3-BF4B-00C04F79EFBC}") = "Gistogramma", "Gistogramma\Gistogramma.csproj", "{7E96DE60-86E8-4DAE-AB0E-46936C0E160F}"
EndProject
Global
	GlobalSection(SolutionConfigurationPlatforms) = preSolution
		Debug|Any CPU = Debug|Any CPU
		Release|Any CPU = Release|Any CPU
	EndGlobalSection
	GlobalSection(ProjectConfigurationPlatforms) = postSolution
		{7E96DE60-86E8-4DAE-AB0E-46936C0E160F}.Debug|Any CPU.ActiveCfg = Debug|Any CPU
		{7E96DE60-86E8-4DAE-AB0E-46936C0E160F}.Debug|Any CPU.Build.0 = Debug|Any CPU
		{7E96DE60-86E8-4DAE-AB0E-46936C0E160F}.Release|Any CPU.ActiveCfg = Release|Any CPU
		{7E96DE60-86E8-4DAE-AB0E-46936C0E160F}.Release|Any CPU.Build.0 = Release|Any CPU
	EndGlobalSection
	GlobalSection(SolutionProperties) = preSolution
		HideSolutionNode = FALSE
	EndGlobalSection
	GlobalSection(ExtensibilityGlobals) = postSolution
		SolutionGuid = {7E0658D6-D6A5-4964-A4B9-D49D6407AD66}
	EndGlobalSection
EndGlobal
